{
  "version": "3",
  "packages": {
    "specifiers": {
      "jsr:@david/dax@^0.40.0": "jsr:@david/dax@0.40.0",
      "jsr:@david/which@0.3": "jsr:@david/which@0.3.0",
      "jsr:@std/assert@^0.221.0": "jsr:@std/assert@0.221.0",
      "jsr:@std/bytes@^0.221.0": "jsr:@std/bytes@0.221.0",
      "jsr:@std/expect@^0.221": "jsr:@std/expect@0.221.0",
      "jsr:@std/fmt@^0.221.0": "jsr:@std/fmt@0.221.0",
      "jsr:@std/fs@0.221.0": "jsr:@std/fs@0.221.0",
      "jsr:@std/io@0.221.0": "jsr:@std/io@0.221.0",
      "jsr:@std/io@^0.221.0": "jsr:@std/io@0.221.0",
      "jsr:@std/path@0.221.0": "jsr:@std/path@0.221.0",
      "jsr:@std/path@^0.221.0": "jsr:@std/path@0.221.0",
      "jsr:@std/streams@0.221.0": "jsr:@std/streams@0.221.0"
    },
    "jsr": {
      "@david/dax@0.40.0": {
        "integrity": "1e0534a437e1d6c915979f19a3d048e5e2ce2a91176555a0ea1e89d929187279",
        "dependencies": [
          "jsr:@david/which@0.3",
          "jsr:@std/fmt@^0.221.0",
          "jsr:@std/fs@0.221.0",
          "jsr:@std/io@0.221.0",
          "jsr:@std/path@0.221.0",
          "jsr:@std/streams@0.221.0"
        ]
      },
      "@david/which@0.3.0": {
        "integrity": "6bdb62c40ac90edcf328e854fa8103a8db21e7c326089cbe3c3a1cf7887d3204"
      },
      "@std/assert@0.221.0": {
        "integrity": "a5f1aa6e7909dbea271754fd4ab3f4e687aeff4873b4cef9a320af813adb489a"
      },
      "@std/bytes@0.221.0": {
        "integrity": "64a047011cf833890a4a2ab7293ac55a1b4f5a050624ebc6a0159c357de91966"
      },
      "@std/expect@0.221.0": {
        "integrity": "9b157d134c56cda134d7a5b054279a6b2204eb37875c83bdb5d8a8ba327a7a48",
        "dependencies": [
          "jsr:@std/assert@^0.221.0",
          "jsr:@std/fmt@^0.221.0"
        ]
      },
      "@std/fmt@0.221.0": {
        "integrity": "379fed69bdd9731110f26b9085aeb740606b20428ce6af31ef6bd45ef8efa62a"
      },
      "@std/fs@0.221.0": {
        "integrity": "028044450299de8ed5a716ade4e6d524399f035513b85913794f4e81f07da286",
        "dependencies": [
          "jsr:@std/assert@^0.221.0",
          "jsr:@std/path@^0.221.0"
        ]
      },
      "@std/io@0.221.0": {
        "integrity": "faf7f8700d46ab527fa05cc6167f4b97701a06c413024431c6b4d207caa010da",
        "dependencies": [
          "jsr:@std/assert@^0.221.0",
          "jsr:@std/bytes@^0.221.0"
        ]
      },
      "@std/path@0.221.0": {
        "integrity": "0a36f6b17314ef653a3a1649740cc8db51b25a133ecfe838f20b79a56ebe0095",
        "dependencies": [
          "jsr:@std/assert@^0.221.0"
        ]
      },
      "@std/streams@0.221.0": {
        "integrity": "47f2f74634b47449277c0ee79fe878da4424b66bd8975c032e3afdca88986e61",
        "dependencies": [
          "jsr:@std/io@^0.221.0"
        ]
      }
    }
  },
  "remote": {},
  "workspace": {
    "dependencies": [
      "jsr:@david/dax@^0.40.0",
      "jsr:@david/dts-minify@^0.3.3",
      "jsr:@std/expect@^0.221",
      "jsr:@std/semver@^0.221"
    ],
    "packageJson": {
      "dependencies": [
        "npm:@types/circular-json@^0.4.0",
        "npm:@types/inline-style-prefixer@^5.0.0",
        "npm:@types/lz-string@^1.3.34",
        "npm:@types/node@^20.11.20",
        "npm:@types/react-dom@^18.0.9",
        "npm:@types/react-treeview@^0.4.3",
        "npm:@types/react@^18.0.25",
        "npm:@vitejs/plugin-react@^4.2.1",
        "npm:@viz-js/viz@^3.3.1",
        "npm:allotment@^1.20.0",
        "npm:circular-json@^0.5.9",
        "npm:glob@^10.3.10",
        "npm:lz-string@^1.4.4",
        "npm:monaco-editor@^0.44.0",
        "npm:react-dom@^18.2.0",
        "npm:react-monaco-editor@0.55.0",
        "npm:react-spinners@^0.13.6",
        "npm:react-treeview@^0.4.7",
        "npm:react@^18.2.0",
        "npm:ts-factory-code-generator-generator@^0.7.0",
        "npm:ts-morph@^22.0.0",
        "npm:typescript@5.0.2",
        "npm:vite-plugin-monaco-editor@^1.1.0",
        "npm:vite@^5.2.9"
      ]
    }
  }
}
